
Microsoft Visual Studio Solution File, Format Version 12.00
# Visual Studio 15
VisualStudioVersion = 15.0.26430.16
MinimumVisualStudioVersion = 10.0.40219.1
Project("{FAE04EC0-301F-11D3-BF4B-00C04F79EFBC}") = "Exercise1", "Exercise1\Exercise1.csproj", "{8FCBBC67-34FA-4C7F-8AB6-34478326034C}"
EndProject
Project("{FAE04EC0-301F-11D3-BF4B-00C04F79EFBC}") = "HelloSoftUni", "HelloSoftUni\HelloSoftUni.csproj", "{118CD9FC-6D78-4CC2-8D6A-A425385CB58D}"
EndProject
Project("{FAE04EC0-301F-11D3-BF4B-00C04F79EFBC}") = "Nums1to20", "Nums1to20\Nums1to20.csproj", "{90B417C9-A679-43C2-97BB-91B48E1E0614}"
EndProject
Project("{2150E333-8FDC-42A3-9474-1A3956D46DE8}") = "Problems", "Problems", "{DFFDB355-F41D-47EA-A065-C967655A082E}"
	ProjectSection(SolutionItems) = preProject
		..\..\..\Users\petko\Downloads\1. First-Steps-in-Coding-Exercises.docx = ..\..\..\Users\petko\Downloads\1. First-Steps-in-Coding-Exercises.docx
	EndProjectSection
EndProject
Project("{FAE04EC0-301F-11D3-BF4B-00C04F79EFBC}") = "Expression", "Expression\Expression.csproj", "{016E61E3-4514-492F-B705-F725D92FBDD7}"
EndProject
Project("{FAE04EC0-301F-11D3-BF4B-00C04F79EFBC}") = "Loops", "Loops\Loops.csproj", "{49B83D3E-3FAD-4B50-9A58-4D5EEF472CE5}"
EndProject
Project("{FAE04EC0-301F-11D3-BF4B-00C04F79EFBC}") = "LINQ", "LINQ\LINQ.csproj", "{CFF9C44D-DEF6-40E0-BF17-6E87239E1775}"
EndProject
Project("{2150E333-8FDC-42A3-9474-1A3956D46DE8}") = "Solution Items", "Solution Items", "{8BE3A765-B068-494C-AC08-060EFDF414C7}"
EndProject
Project("{FAE04EC0-301F-11D3-BF4B-00C04F79EFBC}") = "TriangleOf55Stars", "TriangleOf55Stars\TriangleOf55Stars.csproj", "{214E9DE1-E194-422D-AB8F-588907BB3D62}"
EndProject
Project("{FAE04EC0-301F-11D3-BF4B-00C04F79EFBC}") = "RectangleArea", "RectangleArea\RectangleArea.csproj", "{13C5DEEA-6609-4497-9345-6AD046E77D4F}"
EndProject
Project("{FAE04EC0-301F-11D3-BF4B-00C04F79EFBC}") = "DataConnectivity", "DataConnectivity\DataConnectivity.csproj", "{DC731834-42D2-4C92-8235-09107076C801}"
EndProject
Global
	GlobalSection(SolutionConfigurationPlatforms) = preSolution
		Debug|Any CPU = Debug|Any CPU
		Release|Any CPU = Release|Any CPU
	EndGlobalSection
	GlobalSection(ProjectConfigurationPlatforms) = postSolution
		{8FCBBC67-34FA-4C7F-8AB6-34478326034C}.Debug|Any CPU.ActiveCfg = Debug|Any CPU
		{8FCBBC67-34FA-4C7F-8AB6-34478326034C}.Debug|Any CPU.Build.0 = Debug|Any CPU
		{8FCBBC67-34FA-4C7F-8AB6-34478326034C}.Release|Any CPU.ActiveCfg = Release|Any CPU
		{8FCBBC67-34FA-4C7F-8AB6-34478326034C}.Release|Any CPU.Build.0 = Release|Any CPU
		{118CD9FC-6D78-4CC2-8D6A-A425385CB58D}.Debug|Any CPU.ActiveCfg = Debug|Any CPU
		{118CD9FC-6D78-4CC2-8D6A-A425385CB58D}.Debug|Any CPU.Build.0 = Debug|Any CPU
		{118CD9FC-6D78-4CC2-8D6A-A425385CB58D}.Release|Any CPU.ActiveCfg = Release|Any CPU
		{118CD9FC-6D78-4CC2-8D6A-A425385CB58D}.Release|Any CPU.Build.0 = Release|Any CPU
		{90B417C9-A679-43C2-97BB-91B48E1E0614}.Debug|Any CPU.ActiveCfg = Debug|Any CPU
		{90B417C9-A679-43C2-97BB-91B48E1E0614}.Debug|Any CPU.Build.0 = Debug|Any CPU
		{90B417C9-A679-43C2-97BB-91B48E1E0614}.Release|Any CPU.ActiveCfg = Release|Any CPU
		{90B417C9-A679-43C2-97BB-91B48E1E0614}.Release|Any CPU.Build.0 = Release|Any CPU
		{016E61E3-4514-492F-B705-F725D92FBDD7}.Debug|Any CPU.ActiveCfg = Debug|Any CPU
		{016E61E3-4514-492F-B705-F725D92FBDD7}.Debug|Any CPU.Build.0 = Debug|Any CPU
		{016E61E3-4514-492F-B705-F725D92FBDD7}.Release|Any CPU.ActiveCfg = Release|Any CPU
		{016E61E3-4514-492F-B705-F725D92FBDD7}.Release|Any CPU.Build.0 = Release|Any CPU
		{49B83D3E-3FAD-4B50-9A58-4D5EEF472CE5}.Debug|Any CPU.ActiveCfg = Debug|Any CPU
		{49B83D3E-3FAD-4B50-9A58-4D5EEF472CE5}.Debug|Any CPU.Build.0 = Debug|Any CPU
		{49B83D3E-3FAD-4B50-9A58-4D5EEF472CE5}.Release|Any CPU.ActiveCfg = Release|Any CPU
		{49B83D3E-3FAD-4B50-9A58-4D5EEF472CE5}.Release|Any CPU.Build.0 = Release|Any CPU
		{CFF9C44D-DEF6-40E0-BF17-6E87239E1775}.Debug|Any CPU.ActiveCfg = Debug|Any CPU
		{CFF9C44D-DEF6-40E0-BF17-6E87239E1775}.Debug|Any CPU.Build.0 = Debug|Any CPU
		{CFF9C44D-DEF6-40E0-BF17-6E87239E1775}.Release|Any CPU.ActiveCfg = Release|Any CPU
		{CFF9C44D-DEF6-40E0-BF17-6E87239E1775}.Release|Any CPU.Build.0 = Release|Any CPU
		{214E9DE1-E194-422D-AB8F-588907BB3D62}.Debug|Any CPU.ActiveCfg = Debug|Any CPU
		{214E9DE1-E194-422D-AB8F-588907BB3D62}.Debug|Any CPU.Build.0 = Debug|Any CPU
		{214E9DE1-E194-422D-AB8F-588907BB3D62}.Release|Any CPU.ActiveCfg = Release|Any CPU
		{214E9DE1-E194-422D-AB8F-588907BB3D62}.Release|Any CPU.Build.0 = Release|Any CPU
		{13C5DEEA-6609-4497-9345-6AD046E77D4F}.Debug|Any CPU.ActiveCfg = Debug|Any CPU
		{13C5DEEA-6609-4497-9345-6AD046E77D4F}.Debug|Any CPU.Build.0 = Debug|Any CPU
		{13C5DEEA-6609-4497-9345-6AD046E77D4F}.Release|Any CPU.ActiveCfg = Release|Any CPU
		{13C5DEEA-6609-4497-9345-6AD046E77D4F}.Release|Any CPU.Build.0 = Release|Any CPU
		{DC731834-42D2-4C92-8235-09107076C801}.Debug|Any CPU.ActiveCfg = Debug|Any CPU
		{DC731834-42D2-4C92-8235-09107076C801}.Debug|Any CPU.Build.0 = Debug|Any CPU
		{DC731834-42D2-4C92-8235-09107076C801}.Release|Any CPU.ActiveCfg = Release|Any CPU
		{DC731834-42D2-4C92-8235-09107076C801}.Release|Any CPU.Build.0 = Release|Any CPU
	EndGlobalSection
	GlobalSection(SolutionProperties) = preSolution
		HideSolutionNode = FALSE
	EndGlobalSection
EndGlobal
